// !$*UTF8*$!
{
	archiveVersion = 1;
	classes = {
	};
	objectVersion = 46;
	objects = {

/* Begin PBXBuildFile section */
		4E803E721602CEF000DE043E /* UIKit.framework in Frameworks */ = {isa = PBXBuildFile; fileRef = 4E803E711602CEF000DE043E /* UIKit.framework */; };
		4E803E741602CEF000DE043E /* Foundation.framework in Frameworks */ = {isa = PBXBuildFile; fileRef = 4E803E731602CEF000DE043E /* Foundation.framework */; };
		4E803E761602CEF000DE043E /* CoreGraphics.framework in Frameworks */ = {isa = PBXBuildFile; fileRef = 4E803E751602CEF000DE043E /* CoreGraphics.framework */; };
		4E803E7C1602CEF000DE043E /* InfoPlist.strings in Resources */ = {isa = PBXBuildFile; fileRef = 4E803E7A1602CEF000DE043E /* InfoPlist.strings */; };
		4E803E7E1602CEF000DE043E /* main.m in Sources */ = {isa = PBXBuildFile; fileRef = 4E803E7D1602CEF000DE043E /* main.m */; };
		4E803E821602CEF000DE043E /* AppDelegate.m in Sources */ = {isa = PBXBuildFile; fileRef = 4E803E811602CEF000DE043E /* AppDelegate.m */; };
		4E803E851602CEF000DE043E /* RootViewController.m in Sources */ = {isa = PBXBuildFile; fileRef = 4E803E841602CEF000DE043E /* RootViewController.m */; };
		4E803E881602CEF000DE043E /* DataViewController.m in Sources */ = {isa = PBXBuildFile; fileRef = 4E803E871602CEF000DE043E /* DataViewController.m */; };
		4E803E8B1602CEF000DE043E /* ModelController.m in Sources */ = {isa = PBXBuildFile; fileRef = 4E803E8A1602CEF000DE043E /* ModelController.m */; };
		4E803E8E1602CEF000DE043E /* MainStoryboard.storyboard in Resources */ = {isa = PBXBuildFile; fileRef = 4E803E8C1602CEF000DE043E /* MainStoryboard.storyboard */; };
		4E803E961602CEF000DE043E /* SenTestingKit.framework in Frameworks */ = {isa = PBXBuildFile; fileRef = 4E803E951602CEF000DE043E /* SenTestingKit.framework */; };
		4E803E971602CEF000DE043E /* UIKit.framework in Frameworks */ = {isa = PBXBuildFile; fileRef = 4E803E711602CEF000DE043E /* UIKit.framework */; };
		4E803E981602CEF000DE043E /* Foundation.framework in Frameworks */ = {isa = PBXBuildFile; fileRef = 4E803E731602CEF000DE043E /* Foundation.framework */; };
		4E803EA01602CEF000DE043E /* InfoPlist.strings in Resources */ = {isa = PBXBuildFile; fileRef = 4E803E9E1602CEF000DE043E /* InfoPlist.strings */; };
		4E803EA31602CEF000DE043E /* ShopperShopTests.m in Sources */ = {isa = PBXBuildFile; fileRef = 4E803EA21602CEF000DE043E /* ShopperShopTests.m */; };
/* End PBXBuildFile section */

/* Begin PBXContainerItemProxy section */
		4E803E991602CEF000DE043E /* PBXContainerItemProxy */ = {
			isa = PBXContainerItemProxy;
			containerPortal = 4E803E641602CEF000DE043E /* Project object */;
			proxyType = 1;
			remoteGlobalIDString = 4E803E6C1602CEF000DE043E;
			remoteInfo = ShopperShop;
		};
/* End PBXContainerItemProxy section */

/* Begin PBXFileReference section */
		4E803E6D1602CEF000DE043E /* ShopperShop.app */ = {isa = PBXFileReference; explicitFileType = wrapper.application; includeInIndex = 0; path = ShopperShop.app; sourceTree = BUILT_PRODUCTS_DIR; };
		4E803E711602CEF000DE043E /* UIKit.framework */ = {isa = PBXFileReference; lastKnownFileType = wrapper.framework; name = UIKit.framework; path = System/Library/Frameworks/UIKit.framework; sourceTree = SDKROOT; };
		4E803E731602CEF000DE043E /* Foundation.framework */ = {isa = PBXFileReference; lastKnownFileType = wrapper.framework; name = Foundation.framework; path = System/Library/Frameworks/Foundation.framework; sourceTree = SDKROOT; };
		4E803E751602CEF000DE043E /* CoreGraphics.framework */ = {isa = PBXFileReference; lastKnownFileType = wrapper.framework; name = CoreGraphics.framework; path = System/Library/Frameworks/CoreGraphics.framework; sourceTree = SDKROOT; };
		4E803E791602CEF000DE043E /* ShopperShop-Info.plist */ = {isa = PBXFileReference; lastKnownFileType = text.plist.xml; path = "ShopperShop-Info.plist"; sourceTree = "<group>"; };
		4E803E7B1602CEF000DE043E /* en */ = {isa = PBXFileReference; lastKnownFileType = text.plist.strings; name = en; path = en.lproj/InfoPlist.strings; sourceTree = "<group>"; };
		4E803E7D1602CEF000DE043E /* main.m */ = {isa = PBXFileReference; lastKnownFileType = sourcecode.c.objc; path = main.m; sourceTree = "<group>"; };
		4E803E7F1602CEF000DE043E /* ShopperShop-Prefix.pch */ = {isa = PBXFileReference; lastKnownFileType = sourcecode.c.h; path = "ShopperShop-Prefix.pch"; sourceTree = "<group>"; };
		4E803E801602CEF000DE043E /* AppDelegate.h */ = {isa = PBXFileReference; lastKnownFileType = sourcecode.c.h; path = AppDelegate.h; sourceTree = "<group>"; };
		4E803E811602CEF000DE043E /* AppDelegate.m */ = {isa = PBXFileReference; lastKnownFileType = sourcecode.c.objc; path = AppDelegate.m; sourceTree = "<group>"; };
		4E803E831602CEF000DE043E /* RootViewController.h */ = {isa = PBXFileReference; lastKnownFileType = sourcecode.c.h; path = RootViewController.h; sourceTree = "<group>"; };
		4E803E841602CEF000DE043E /* RootViewController.m */ = {isa = PBXFileReference; lastKnownFileType = sourcecode.c.objc; path = RootViewController.m; sourceTree = "<group>"; };
		4E803E861602CEF000DE043E /* DataViewController.h */ = {isa = PBXFileReference; lastKnownFileType = sourcecode.c.h; path = DataViewController.h; sourceTree = "<group>"; };
		4E803E871602CEF000DE043E /* DataViewController.m */ = {isa = PBXFileReference; lastKnownFileType = sourcecode.c.objc; path = DataViewController.m; sourceTree = "<group>"; };
		4E803E891602CEF000DE043E /* ModelController.h */ = {isa = PBXFileReference; lastKnownFileType = sourcecode.c.h; path = ModelController.h; sourceTree = "<group>"; };
		4E803E8A1602CEF000DE043E /* ModelController.m */ = {isa = PBXFileReference; lastKnownFileType = sourcecode.c.objc; path = ModelController.m; sourceTree = "<group>"; };
		4E803E8D1602CEF000DE043E /* en */ = {isa = PBXFileReference; lastKnownFileType = file.storyboard; name = en; path = en.lproj/MainStoryboard.storyboard; sourceTree = "<group>"; };
		4E803E941602CEF000DE043E /* ShopperShopTests.octest */ = {isa = PBXFileReference; explicitFileType = wrapper.cfbundle; includeInIndex = 0; path = ShopperShopTests.octest; sourceTree = BUILT_PRODUCTS_DIR; };
		4E803E951602CEF000DE043E /* SenTestingKit.framework */ = {isa = PBXFileReference; lastKnownFileType = wrapper.framework; name = SenTestingKit.framework; path = Library/Frameworks/SenTestingKit.framework; sourceTree = DEVELOPER_DIR; };
		4E803E9D1602CEF000DE043E /* ShopperShopTests-Info.plist */ = {isa = PBXFileReference; lastKnownFileType = text.plist.xml; path = "ShopperShopTests-Info.plist"; sourceTree = "<group>"; };
		4E803E9F1602CEF000DE043E /* en */ = {isa = PBXFileReference; lastKnownFileType = text.plist.strings; name = en; path = en.lproj/InfoPlist.strings; sourceTree = "<group>"; };
		4E803EA11602CEF000DE043E /* ShopperShopTests.h */ = {isa = PBXFileReference; lastKnownFileType = sourcecode.c.h; path = ShopperShopTests.h; sourceTree = "<group>"; };
		4E803EA21602CEF000DE043E /* ShopperShopTests.m */ = {isa = PBXFileReference; lastKnownFileType = sourcecode.c.objc; path = ShopperShopTests.m; sourceTree = "<group>"; };
/* End PBXFileReference section */

/* Begin PBXFrameworksBuildPhase section */
		4E803E6A1602CEF000DE043E /* Frameworks */ = {
			isa = PBXFrameworksBuildPhase;
			buildActionMask = 2147483647;
			files = (
				4E803E721602CEF000DE043E /* UIKit.framework in Frameworks */,
				4E803E741602CEF000DE043E /* Foundation.framework in Frameworks */,
				4E803E761602CEF000DE043E /* CoreGraphics.framework in Frameworks */,
			);
			runOnlyForDeploymentPostprocessing = 0;
		};
		4E803E901602CEF000DE043E /* Frameworks */ = {
			isa = PBXFrameworksBuildPhase;
			buildActionMask = 2147483647;
			files = (
				4E803E961602CEF000DE043E /* SenTestingKit.framework in Frameworks */,
				4E803E971602CEF000DE043E /* UIKit.framework in Frameworks */,
				4E803E981602CEF000DE043E /* Foundation.framework in Frameworks */,
			);
			runOnlyForDeploymentPostprocessing = 0;
		};
/* End PBXFrameworksBuildPhase section */

/* Begin PBXGroup section */
		4E803E621602CEF000DE043E = {
			isa = PBXGroup;
			children = (
				4E803E771602CEF000DE043E /* ShopperShop */,
				4E803E9B1602CEF000DE043E /* ShopperShopTests */,
				4E803E701602CEF000DE043E /* Frameworks */,
				4E803E6E1602CEF000DE043E /* Products */,
			);
			sourceTree = "<group>";
		};
		4E803E6E1602CEF000DE043E /* Products */ = {
			isa = PBXGroup;
			children = (
				4E803E6D1602CEF000DE043E /* ShopperShop.app */,
				4E803E941602CEF000DE043E /* ShopperShopTests.octest */,
			);
			name = Products;
			sourceTree = "<group>";
		};
		4E803E701602CEF000DE043E /* Frameworks */ = {
			isa = PBXGroup;
			children = (
				4E803E711602CEF000DE043E /* UIKit.framework */,
				4E803E731602CEF000DE043E /* Foundation.framework */,
				4E803E751602CEF000DE043E /* CoreGraphics.framework */,
				4E803E951602CEF000DE043E /* SenTestingKit.framework */,
			);
			name = Frameworks;
			sourceTree = "<group>";
		};
		4E803E771602CEF000DE043E /* ShopperShop */ = {
			isa = PBXGroup;
			children = (
				4E803E801602CEF000DE043E /* AppDelegate.h */,
				4E803E811602CEF000DE043E /* AppDelegate.m */,
				4E803E831602CEF000DE043E /* RootViewController.h */,
				4E803E841602CEF000DE043E /* RootViewController.m */,
				4E803E861602CEF000DE043E /* DataViewController.h */,
				4E803E871602CEF000DE043E /* DataViewController.m */,
				4E803E891602CEF000DE043E /* ModelController.h */,
				4E803E8A1602CEF000DE043E /* ModelController.m */,
				4E803E8C1602CEF000DE043E /* MainStoryboard.storyboard */,
				4E803E781602CEF000DE043E /* Supporting Files */,
			);
			path = ShopperShop;
			sourceTree = "<group>";
		};
		4E803E781602CEF000DE043E /* Supporting Files */ = {
			isa = PBXGroup;
			children = (
				4E803E791602CEF000DE043E /* ShopperShop-Info.plist */,
				4E803E7A1602CEF000DE043E /* InfoPlist.strings */,
				4E803E7D1602CEF000DE043E /* main.m */,
				4E803E7F1602CEF000DE043E /* ShopperShop-Prefix.pch */,
			);
			name = "Supporting Files";
			sourceTree = "<group>";
		};
		4E803E9B1602CEF000DE043E /* ShopperShopTests */ = {
			isa = PBXGroup;
			children = (
				4E803EA11602CEF000DE043E /* ShopperShopTests.h */,
				4E803EA21602CEF000DE043E /* ShopperShopTests.m */,
				4E803E9C1602CEF000DE043E /* Supporting Files */,
			);
			path = ShopperShopTests;
			sourceTree = "<group>";
		};
		4E803E9C1602CEF000DE043E /* Supporting Files */ = {
			isa = PBXGroup;
			children = (
				4E803E9D1602CEF000DE043E /* ShopperShopTests-Info.plist */,
				4E803E9E1602CEF000DE043E /* InfoPlist.strings */,
			);
			name = "Supporting Files";
			sourceTree = "<group>";
		};
/* End PBXGroup section */

/* Begin PBXNativeTarget section */
		4E803E6C1602CEF000DE043E /* ShopperShop */ = {
			isa = PBXNativeTarget;
			buildConfigurationList = 4E803EA61602CEF000DE043E /* Build configuration list for PBXNativeTarget "ShopperShop" */;
			buildPhases = (
				4E803E691602CEF000DE043E /* Sources */,
				4E803E6A1602CEF000DE043E /* Frameworks */,
				4E803E6B1602CEF000DE043E /* Resources */,
			);
			buildRules = (
			);
			dependencies = (
			);
			name = ShopperShop;
			productName = ShopperShop;
			productReference = 4E803E6D1602CEF000DE043E /* ShopperShop.app */;
			productType = "com.apple.product-type.application";
		};
		4E803E931602CEF000DE043E /* ShopperShopTests */ = {
			isa = PBXNativeTarget;
			buildConfigurationList = 4E803EA91602CEF000DE043E /* Build configuration list for PBXNativeTarget "ShopperShopTests" */;
			buildPhases = (
				4E803E8F1602CEF000DE043E /* Sources */,
				4E803E901602CEF000DE043E /* Frameworks */,
				4E803E911602CEF000DE043E /* Resources */,
				4E803E921602CEF000DE043E /* ShellScript */,
			);
			buildRules = (
			);
			dependencies = (
				4E803E9A1602CEF000DE043E /* PBXTargetDependency */,
			);
			name = ShopperShopTests;
			productName = ShopperShopTests;
			productReference = 4E803E941602CEF000DE043E /* ShopperShopTests.octest */;
			productType = "com.apple.product-type.bundle";
		};
/* End PBXNativeTarget section */

/* Begin PBXProject section */
		4E803E641602CEF000DE043E /* Project object */ = {
			isa = PBXProject;
			attributes = {
				LastUpgradeCheck = 0440;
				ORGANIZATIONNAME = Siddharth;
			};
			buildConfigurationList = 4E803E671602CEF000DE043E /* Build configuration list for PBXProject "ShopperShop" */;
			compatibilityVersion = "Xcode 3.2";
			developmentRegion = English;
			hasScannedForEncodings = 0;
			knownRegions = (
				en,
			);
			mainGroup = 4E803E621602CEF000DE043E;
			productRefGroup = 4E803E6E1602CEF000DE043E /* Products */;
			projectDirPath = "";
			projectRoot = "";
			targets = (
				4E803E6C1602CEF000DE043E /* ShopperShop */,
				4E803E931602CEF000DE043E /* ShopperShopTests */,
			);
		};
/* End PBXProject section */

/* Begin PBXResourcesBuildPhase section */
		4E803E6B1602CEF000DE043E /* Resources */ = {
			isa = PBXResourcesBuildPhase;
			buildActionMask = 2147483647;
			files = (
				4E803E7C1602CEF000DE043E /* InfoPlist.strings in Resources */,
				4E803E8E1602CEF000DE043E /* MainStoryboard.storyboard in Resources */,
			);
			runOnlyForDeploymentPostprocessing = 0;
		};
		4E803E911602CEF000DE043E /* Resources */ = {
			isa = PBXResourcesBuildPhase;
			buildActionMask = 2147483647;
			files = (
				4E803EA01602CEF000DE043E /* InfoPlist.strings in Resources */,
			);
			runOnlyForDeploymentPostprocessing = 0;
		};
/* End PBXResourcesBuildPhase section */

/* Begin PBXShellScriptBuildPhase section */
		4E803E921602CEF000DE043E /* ShellScript */ = {
			isa = PBXShellScriptBuildPhase;
			buildActionMask = 2147483647;
			files = (
			);
			inputPaths = (
			);
			outputPaths = (
			);
			runOnlyForDeploymentPostprocessing = 0;
			shellPath = /bin/sh;
			shellScript = "# Run the unit tests in this test bundle.\n\"${SYSTEM_DEVELOPER_DIR}/Tools/RunUnitTests\"\n";
		};
/* End PBXShellScriptBuildPhase section */

/* Begin PBXSourcesBuildPhase section */
		4E803E691602CEF000DE043E /* Sources */ = {
			isa = PBXSourcesBuildPhase;
			buildActionMask = 2147483647;
			files = (
				4E803E7E1602CEF000DE043E /* main.m in Sources */,
				4E803E821602CEF000DE043E /* AppDelegate.m in Sources */,
				4E803E851602CEF000DE043E /* RootViewController.m in Sources */,
				4E803E881602CEF000DE043E /* DataViewController.m in Sources */,
				4E803E8B1602CEF000DE043E /* ModelController.m in Sources */,
			);
			runOnlyForDeploymentPostprocessing = 0;
		};
		4E803E8F1602CEF000DE043E /* Sources */ = {
			isa = PBXSourcesBuildPhase;
			buildActionMask = 2147483647;
			files = (
				4E803EA31602CEF000DE043E /* ShopperShopTests.m in Sources */,
			);
			runOnlyForDeploymentPostprocessing = 0;
		};
/* End PBXSourcesBuildPhase section */

/* Begin PBXTargetDependency section */
		4E803E9A1602CEF000DE043E /* PBXTargetDependency */ = {
			isa = PBXTargetDependency;
			target = 4E803E6C1602CEF000DE043E /* ShopperShop */;
			targetProxy = 4E803E991602CEF000DE043E /* PBXContainerItemProxy */;
		};
/* End PBXTargetDependency section */

/* Begin PBXVariantGroup section */
		4E803E7A1602CEF000DE043E /* InfoPlist.strings */ = {
			isa = PBXVariantGroup;
			children = (
				4E803E7B1602CEF000DE043E /* en */,
			);
			name = InfoPlist.strings;
			sourceTree = "<group>";
		};
		4E803E8C1602CEF000DE043E /* MainStoryboard.storyboard */ = {
			isa = PBXVariantGroup;
			children = (
				4E803E8D1602CEF000DE043E /* en */,
			);
			name = MainStoryboard.storyboard;
			sourceTree = "<group>";
		};
		4E803E9E1602CEF000DE043E /* InfoPlist.strings */ = {
			isa = PBXVariantGroup;
			children = (
				4E803E9F1602CEF000DE043E /* en */,
			);
			name = InfoPlist.strings;
			sourceTree = "<group>";
		};
/* End PBXVariantGroup section */

/* Begin XCBuildConfiguration section */
		4E803EA41602CEF000DE043E /* Debug */ = {
			isa = XCBuildConfiguration;
			buildSettings = {
				ALWAYS_SEARCH_USER_PATHS = NO;
				ARCHS = "$(ARCHS_STANDARD_32_BIT)";
				CLANG_CXX_LANGUAGE_STANDARD = "gnu++0x";
				CLANG_ENABLE_OBJC_ARC = YES;
				CLANG_WARN__DUPLICATE_METHOD_MATCH = YES;
				"CODE_SIGN_IDENTITY[sdk=iphoneos*]" = "iPhone Developer";
				COPY_PHASE_STRIP = NO;
				GCC_C_LANGUAGE_STANDARD = gnu99;
				GCC_DYNAMIC_NO_PIC = NO;
				GCC_OPTIMIZATION_LEVEL = 0;
				GCC_PREPROCESSOR_DEFINITIONS = (
					"DEBUG=1",
					"$(inherited)",
				);
				GCC_SYMBOLS_PRIVATE_EXTERN = NO;
				GCC_VERSION = com.apple.compilers.llvm.clang.1_0;
				GCC_WARN_ABOUT_RETURN_TYPE = YES;
				GCC_WARN_UNINITIALIZED_AUTOS = YES;
				GCC_WARN_UNUSED_VARIABLE = YES;
				IPHONEOS_DEPLOYMENT_TARGET = 5.1;
				SDKROOT = iphoneos;
			};
			name = Debug;
		};
		4E803EA51602CEF000DE043E /* Release */ = {
			isa = XCBuildConfiguration;
			buildSettings = {
				ALWAYS_SEARCH_USER_PATHS = NO;
				ARCHS = "$(ARCHS_STANDARD_32_BIT)";
				CLANG_CXX_LANGUAGE_STANDARD = "gnu++0x";
				CLANG_ENABLE_OBJC_ARC = YES;
				CLANG_WARN__DUPLICATE_METHOD_MATCH = YES;
				"CODE_SIGN_IDENTITY[sdk=iphoneos*]" = "iPhone Developer";
				COPY_PHASE_STRIP = YES;
				GCC_C_LANGUAGE_STANDARD = gnu99;
				GCC_VERSION = com.apple.compilers.llvm.clang.1_0;
				GCC_WARN_ABOUT_RETURN_TYPE = YES;
				GCC_WARN_UNINITIALIZED_AUTOS = YES;
				GCC_WARN_UNUSED_VARIABLE = YES;
				IPHONEOS_DEPLOYMENT_TARGET = 5.1;
				OTHER_CFLAGS = "-DNS_BLOCK_ASSERTIONS=1";
				SDKROOT = iphoneos;
				VALIDATE_PRODUCT = YES;
			};
			name = Release;
		};
		4E803EA71602CEF000DE043E /* Debug */ = {
			isa = XCBuildConfiguration;
			buildSettings = {
				GCC_PRECOMPILE_PREFIX_HEADER = YES;
				GCC_PREFIX_HEADER = "ShopperShop/ShopperShop-Prefix.pch";
				INFOPLIST_FILE = "ShopperShop/ShopperShop-Info.plist";
				PRODUCT_NAME = "$(TARGET_NAME)";
				WRAPPER_EXTENSION = app;
			};
			name = Debug;
		};
		4E803EA81602CEF000DE043E /* Release */ = {
			isa = XCBuildConfiguration;
			buildSettings = {
				GCC_PRECOMPILE_PREFIX_HEADER = YES;
				GCC_PREFIX_HEADER = "ShopperShop/ShopperShop-Prefix.pch";
				INFOPLIST_FILE = "ShopperShop/ShopperShop-Info.plist";
				PRODUCT_NAME = "$(TARGET_NAME)";
				WRAPPER_EXTENSION = app;
			};
			name = Release;
		};
		4E803EAA1602CEF000DE043E /* Debug */ = {
			isa = XCBuildConfiguration;
			buildSettings = {
				BUNDLE_LOADER = "$(BUILT_PRODUCTS_DIR)/ShopperShop.app/ShopperShop";
				FRAMEWORK_SEARCH_PATHS = (
					"\"$(SDKROOT)/Developer/Library/Frameworks\"",
					"\"$(DEVELOPER_LIBRARY_DIR)/Frameworks\"",
				);
				GCC_PRECOMPILE_PREFIX_HEADER = YES;
				GCC_PREFIX_HEADER = "ShopperShop/ShopperShop-Prefix.pch";
				INFOPLIST_FILE = "ShopperShopTests/ShopperShopTests-Info.plist";
				PRODUCT_NAME = "$(TARGET_NAME)";
				TEST_HOST = "$(BUNDLE_LOADER)";
				WRAPPER_EXTENSION = octest;
			};
			name = Debug;
		};
		4E803EAB1602CEF000DE043E /* Release */ = {
			isa = XCBuildConfiguration;
			buildSettings = {
				BUNDLE_LOADER = "$(BUILT_PRODUCTS_DIR)/ShopperShop.app/ShopperShop";
				FRAMEWORK_SEARCH_PATHS = (
					"\"$(SDKROOT)/Developer/Library/Frameworks\"",
					"\"$(DEVELOPER_LIBRARY_DIR)/Frameworks\"",
				);
				GCC_PRECOMPILE_PREFIX_HEADER = YES;
				GCC_PREFIX_HEADER = "ShopperShop/ShopperShop-Prefix.pch";
				INFOPLIST_FILE = "ShopperShopTests/ShopperShopTests-Info.plist";
				PRODUCT_NAME = "$(TARGET_NAME)";
				TEST_HOST = "$(BUNDLE_LOADER)";
				WRAPPER_EXTENSION = octest;
			};
			name = Release;
		};
/* End XCBuildConfiguration section */

/* Begin XCConfigurationList section */
		4E803E671602CEF000DE043E /* Build configuration list for PBXProject "ShopperShop" */ = {
			isa = XCConfigurationList;
			buildConfigurations = (
				4E803EA41602CEF000DE043E /* Debug */,
				4E803EA51602CEF000DE043E /* Release */,
			);
			defaultConfigurationIsVisible = 0;
			defaultConfigurationName = Release;
		};
		4E803EA61602CEF000DE043E /* Build configuration list for PBXNativeTarget "ShopperShop" */ = {
			isa = XCConfigurationList;
			buildConfigurations = (
				4E803EA71602CEF000DE043E /* Debug */,
				4E803EA81602CEF000DE043E /* Release */,
			);
			defaultConfigurationIsVisible = 0;
		};
		4E803EA91602CEF000DE043E /* Build configuration list for PBXNativeTarget "ShopperShopTests" */ = {
			isa = XCConfigurationList;
			buildConfigurations = (
				4E803EAA1602CEF000DE043E /* Debug */,
				4E803EAB1602CEF000DE043E /* Release */,
			);
			defaultConfigurationIsVisible = 0;
		};
/* End XCConfigurationList section */
	};
	rootObject = 4E803E641602CEF000DE043E /* Project object */;
}
